Microsoft Visual Studio Solution File, Format Version 12.00
# Visual Studio 2013
VisualStudioVersion = 12.0.21005.1
MinimumVisualStudioVersion = 10.0.40219.1
Project("{8BC9CEB8-8B4A-11D0-8D11-00A0C91BC942}") = "TestMAPI", "TestMAPI\TestMAPI.vcxproj", "{16010049-2F30-487E-A08A-E4EFCEBDF1F9}"
EndProject
Project("{8BC9CEB8-8B4A-11D0-8D11-00A0C91BC942}") = "MAPIEx", "MAPIEx\MAPIEx.vcxproj", "{DE52A7AC-9D4F-4A65-BBCC-7CEB413A186B}"
EndProject
Project("{FAE04EC0-301F-11D3-BF4B-00C04F79EFBC}") = "NetMAPI", "NetMAPI\NetMAPI.csproj", "{42C62FE2-C8EE-48E0-92FA-CDE813E93092}"
EndProject
Project("{FAE04EC0-301F-11D3-BF4B-00C04F79EFBC}") = "TestNetMAPI", "TestNetMAPI\TestNetMAPI.csproj", "{362944A1-644A-447F-9261-9D463E8C959F}"
	ProjectSection(ProjectDependencies) = postProject
		{DE52A7AC-9D4F-4A65-BBCC-7CEB413A186B} = {DE52A7AC-9D4F-4A65-BBCC-7CEB413A186B}
	EndProjectSection
EndProject
Project("{8BC9CEB8-8B4A-11D0-8D11-00A0C91BC942}") = "MAPIExLib", "MAPIEx\MAPIExLib.vcxproj", "{7652DB87-E98F-4BA3-B16B-9A577F2158E9}"
EndProject
Project("{8BC9CEB8-8B4A-11D0-8D11-00A0C91BC942}") = "MAPIService", "MAPIService\MAPIService.vcxproj", "{3C7660A1-C170-4124-B28C-EE3BE6ED310F}"
EndProject
Global
	GlobalSection(SolutionConfigurationPlatforms) = preSolution
		Debug|Win32 = Debug|Win32
		Release|Win32 = Release|Win32
	EndGlobalSection
	GlobalSection(ProjectConfigurationPlatforms) = postSolution
		{16010049-2F30-487E-A08A-E4EFCEBDF1F9}.Debug|Win32.ActiveCfg = Debug|Win32
		{16010049-2F30-487E-A08A-E4EFCEBDF1F9}.Debug|Win32.Build.0 = Debug|Win32
		{16010049-2F30-487E-A08A-E4EFCEBDF1F9}.Release|Win32.ActiveCfg = Release|Win32
		{16010049-2F30-487E-A08A-E4EFCEBDF1F9}.Release|Win32.Build.0 = Release|Win32
		{DE52A7AC-9D4F-4A65-BBCC-7CEB413A186B}.Debug|Win32.ActiveCfg = Debug|Win32
		{DE52A7AC-9D4F-4A65-BBCC-7CEB413A186B}.Debug|Win32.Build.0 = Debug|Win32
		{DE52A7AC-9D4F-4A65-BBCC-7CEB413A186B}.Release|Win32.ActiveCfg = Release|Win32
		{DE52A7AC-9D4F-4A65-BBCC-7CEB413A186B}.Release|Win32.Build.0 = Release|Win32
		{42C62FE2-C8EE-48E0-92FA-CDE813E93092}.Debug|Win32.ActiveCfg = Debug|Any CPU
		{42C62FE2-C8EE-48E0-92FA-CDE813E93092}.Debug|Win32.Build.0 = Debug|Any CPU
		{42C62FE2-C8EE-48E0-92FA-CDE813E93092}.Release|Win32.ActiveCfg = Release|Any CPU
		{42C62FE2-C8EE-48E0-92FA-CDE813E93092}.Release|Win32.Build.0 = Release|Any CPU
		{362944A1-644A-447F-9261-9D463E8C959F}.Debug|Win32.ActiveCfg = Debug|Any CPU
		{362944A1-644A-447F-9261-9D463E8C959F}.Debug|Win32.Build.0 = Debug|Any CPU
		{362944A1-644A-447F-9261-9D463E8C959F}.Release|Win32.ActiveCfg = Release|Any CPU
		{362944A1-644A-447F-9261-9D463E8C959F}.Release|Win32.Build.0 = Release|Any CPU
		{7652DB87-E98F-4BA3-B16B-9A577F2158E9}.Debug|Win32.ActiveCfg = Debug|Win32
		{7652DB87-E98F-4BA3-B16B-9A577F2158E9}.Debug|Win32.Build.0 = Debug|Win32
		{7652DB87-E98F-4BA3-B16B-9A577F2158E9}.Release|Win32.ActiveCfg = Release|Win32
		{7652DB87-E98F-4BA3-B16B-9A577F2158E9}.Release|Win32.Build.0 = Release|Win32
		{3C7660A1-C170-4124-B28C-EE3BE6ED310F}.Debug|Win32.ActiveCfg = Debug|Win32
		{3C7660A1-C170-4124-B28C-EE3BE6ED310F}.Debug|Win32.Build.0 = Debug|Win32
		{3C7660A1-C170-4124-B28C-EE3BE6ED310F}.Release|Win32.ActiveCfg = Release|Win32
		{3C7660A1-C170-4124-B28C-EE3BE6ED310F}.Release|Win32.Build.0 = Release|Win32
	EndGlobalSection
	GlobalSection(SolutionProperties) = preSolution
		HideSolutionNode = FALSE
	EndGlobalSection
EndGlobal
